PODS:
  - ClickPay (6.4.3)

DEPENDENCIES:
  - ClickPay (from `/Users/amrmagdy/Desktop/Dev/clickpay`)

EXTERNAL SOURCES:
  ClickPay:
    :path: "/Users/amrmagdy/Desktop/Dev/clickpay"

SPEC CHECKSUMS:
  ClickPay: 0a793b25ca1e463720684a240191b6398927af9f

PODFILE CHECKSUM: 39b02bde192946903880888553b76b39cdedf224

COCOAPODS: 1.12.1
