PODS:
  - ClickPay (6.4.4)

DEPENDENCIES:
  - ClickPay (from `/Users/amrmagdy/Desktop/Dev/clickpay`)

EXTERNAL SOURCES:
  ClickPay:
    :path: "/Users/amrmagdy/Desktop/Dev/clickpay"

SPEC CHECKSUMS:
  ClickPay: a35cdd9be2bcfd8b28cb28616a42c6dc888c5e2a

PODFILE CHECKSUM: 0872e3237a2d5e1de100c29be490e07d95aca7af

COCOAPODS: 1.12.1
