PODS:
  - ClickPay (6.5.2)

DEPENDENCIES:
  - ClickPay (from `/Users/amrmagdy/Desktop/Dev/clickpay`)

EXTERNAL SOURCES:
  ClickPay:
    :path: "/Users/amrmagdy/Desktop/Dev/clickpay"

SPEC CHECKSUMS:
  ClickPay: eeda94750c88598ca352a57ed98bad2a29fd6d2a

PODFILE CHECKSUM: 8ce9ff26b72ae4ebdf34cbf118d0a5f983adf6e2

COCOAPODS: 1.13.0
